// !$*UTF8*$!
{
	archiveVersion = 1;
	classes = {
	};
	objectVersion = 46;
	objects = {

/* Begin PBXBuildFile section */
		CEF3134D1F5E5DD30054F931 /* AppDelegate.swift in Sources */ = {isa = PBXBuildFile; fileRef = CEF3134C1F5E5DD30054F931 /* AppDelegate.swift */; };
		CEF3134F1F5E5DD30054F931 /* ViewController.swift in Sources */ = {isa = PBXBuildFile; fileRef = CEF3134E1F5E5DD30054F931 /* ViewController.swift */; };
		CEF313521F5E5DD30054F931 /* Main.storyboard in Resources */ = {isa = PBXBuildFile; fileRef = CEF313501F5E5DD30054F931 /* Main.storyboard */; };
		CEF313541F5E5DD30054F931 /* Assets.xcassets in Resources */ = {isa = PBXBuildFile; fileRef = CEF313531F5E5DD30054F931 /* Assets.xcassets */; };
		CEF313571F5E5DD30054F931 /* LaunchScreen.storyboard in Resources */ = {isa = PBXBuildFile; fileRef = CEF313551F5E5DD30054F931 /* LaunchScreen.storyboard */; };
		CEF3135F1F5E61BA0054F931 /* Calculator.swift in Sources */ = {isa = PBXBuildFile; fileRef = CEF3135E1F5E61BA0054F931 /* Calculator.swift */; };
/* End PBXBuildFile section */

/* Begin PBXFileReference section */
		CEF313491F5E5DD30054F931 /* SeydaIphoneCalculator.app */ = {isa = PBXFileReference; explicitFileType = wrapper.application; includeInIndex = 0; path = SeydaIphoneCalculator.app; sourceTree = BUILT_PRODUCTS_DIR; };
		CEF3134C1F5E5DD30054F931 /* AppDelegate.swift */ = {isa = PBXFileReference; lastKnownFileType = sourcecode.swift; path = AppDelegate.swift; sourceTree = "<group>"; };
		CEF3134E1F5E5DD30054F931 /* ViewController.swift */ = {isa = PBXFileReference; lastKnownFileType = sourcecode.swift; path = ViewController.swift; sourceTree = "<group>"; };
		CEF313511F5E5DD30054F931 /* Base */ = {isa = PBXFileReference; lastKnownFileType = file.storyboard; name = Base; path = Base.lproj/Main.storyboard; sourceTree = "<group>"; };
		CEF313531F5E5DD30054F931 /* Assets.xcassets */ = {isa = PBXFileReference; lastKnownFileType = folder.assetcatalog; path = Assets.xcassets; sourceTree = "<group>"; };
		CEF313561F5E5DD30054F931 /* Base */ = {isa = PBXFileReference; lastKnownFileType = file.storyboard; name = Base; path = Base.lproj/LaunchScreen.storyboard; sourceTree = "<group>"; };
		CEF313581F5E5DD30054F931 /* Info.plist */ = {isa = PBXFileReference; lastKnownFileType = text.plist.xml; path = Info.plist; sourceTree = "<group>"; };
		CEF3135E1F5E61BA0054F931 /* Calculator.swift */ = {isa = PBXFileReference; fileEncoding = 4; lastKnownFileType = sourcecode.swift; path = Calculator.swift; sourceTree = "<group>"; };
/* End PBXFileReference section */

/* Begin PBXFrameworksBuildPhase section */
		CEF313461F5E5DD30054F931 /* Frameworks */ = {
			isa = PBXFrameworksBuildPhase;
			buildActionMask = 2147483647;
			files = (
			);
			runOnlyForDeploymentPostprocessing = 0;
		};
/* End PBXFrameworksBuildPhase section */

/* Begin PBXGroup section */
		CEF313401F5E5DD30054F931 = {
			isa = PBXGroup;
			children = (
				CEF3134B1F5E5DD30054F931 /* SeydaIphoneCalculator */,
				CEF3134A1F5E5DD30054F931 /* Products */,
			);
			sourceTree = "<group>";
		};
		CEF3134A1F5E5DD30054F931 /* Products */ = {
			isa = PBXGroup;
			children = (
				CEF313491F5E5DD30054F931 /* SeydaIphoneCalculator.app */,
			);
			name = Products;
			sourceTree = "<group>";
		};
		CEF3134B1F5E5DD30054F931 /* SeydaIphoneCalculator */ = {
			isa = PBXGroup;
			children = (
				CEF3134C1F5E5DD30054F931 /* AppDelegate.swift */,
				CEF3134E1F5E5DD30054F931 /* ViewController.swift */,
				CEF313501F5E5DD30054F931 /* Main.storyboard */,
				CEF313531F5E5DD30054F931 /* Assets.xcassets */,
				CEF313551F5E5DD30054F931 /* LaunchScreen.storyboard */,
				CEF313581F5E5DD30054F931 /* Info.plist */,
				CEF3135E1F5E61BA0054F931 /* Calculator.swift */,
			);
			path = SeydaIphoneCalculator;
			sourceTree = "<group>";
		};
/* End PBXGroup section */

/* Begin PBXNativeTarget section */
		CEF313481F5E5DD30054F931 /* SeydaIphoneCalculator */ = {
			isa = PBXNativeTarget;
			buildConfigurationList = CEF3135B1F5E5DD30054F931 /* Build configuration list for PBXNativeTarget "SeydaIphoneCalculator" */;
			buildPhases = (
				CEF313451F5E5DD30054F931 /* Sources */,
				CEF313461F5E5DD30054F931 /* Frameworks */,
				CEF313471F5E5DD30054F931 /* Resources */,
			);
			buildRules = (
			);
			dependencies = (
			);
			name = SeydaIphoneCalculator;
			productName = SeydaIphoneCalculator;
			productReference = CEF313491F5E5DD30054F931 /* SeydaIphoneCalculator.app */;
			productType = "com.apple.product-type.application";
		};
/* End PBXNativeTarget section */

/* Begin PBXProject section */
		CEF313411F5E5DD30054F931 /* Project object */ = {
			isa = PBXProject;
			attributes = {
				LastSwiftUpdateCheck = 0830;
				LastUpgradeCheck = 0830;
				ORGANIZATIONNAME = user;
				TargetAttributes = {
					CEF313481F5E5DD30054F931 = {
						CreatedOnToolsVersion = 8.3.3;
						ProvisioningStyle = Automatic;
					};
				};
			};
			buildConfigurationList = CEF313441F5E5DD30054F931 /* Build configuration list for PBXProject "SeydaIphoneCalculator" */;
			compatibilityVersion = "Xcode 3.2";
			developmentRegion = English;
			hasScannedForEncodings = 0;
			knownRegions = (
				en,
				Base,
			);
			mainGroup = CEF313401F5E5DD30054F931;
			productRefGroup = CEF3134A1F5E5DD30054F931 /* Products */;
			projectDirPath = "";
			projectRoot = "";
			targets = (
				CEF313481F5E5DD30054F931 /* SeydaIphoneCalculator */,
			);
		};
/* End PBXProject section */

/* Begin PBXResourcesBuildPhase section */
		CEF313471F5E5DD30054F931 /* Resources */ = {
			isa = PBXResourcesBuildPhase;
			buildActionMask = 2147483647;
			files = (
				CEF313571F5E5DD30054F931 /* LaunchScreen.storyboard in Resources */,
				CEF313541F5E5DD30054F931 /* Assets.xcassets in Resources */,
				CEF313521F5E5DD30054F931 /* Main.storyboard in Resources */,
			);
			runOnlyForDeploymentPostprocessing = 0;
		};
/* End PBXResourcesBuildPhase section */

/* Begin PBXSourcesBuildPhase section */
		CEF313451F5E5DD30054F931 /* Sources */ = {
			isa = PBXSourcesBuildPhase;
			buildActionMask = 2147483647;
			files = (
				CEF3134F1F5E5DD30054F931 /* ViewController.swift in Sources */,
				CEF3134D1F5E5DD30054F931 /* AppDelegate.swift in Sources */,
				CEF3135F1F5E61BA0054F931 /* Calculator.swift in Sources */,
			);
			runOnlyForDeploymentPostprocessing = 0;
		};
/* End PBXSourcesBuildPhase section */

/* Begin PBXVariantGroup section */
		CEF313501F5E5DD30054F931 /* Main.storyboard */ = {
			isa = PBXVariantGroup;
			children = (
				CEF313511F5E5DD30054F931 /* Base */,
			);
			name = Main.storyboard;
			sourceTree = "<group>";
		};
		CEF313551F5E5DD30054F931 /* LaunchScreen.storyboard */ = {
			isa = PBXVariantGroup;
			children = (
				CEF313561F5E5DD30054F931 /* Base */,
			);
			name = LaunchScreen.storyboard;
			sourceTree = "<group>";
		};
/* End PBXVariantGroup section */

/* Begin XCBuildConfiguration section */
		CEF313591F5E5DD30054F931 /* Debug */ = {
			isa = XCBuildConfiguration;
			buildSettings = {
				ALWAYS_SEARCH_USER_PATHS = NO;
				CLANG_ANALYZER_NONNULL = YES;
				CLANG_ANALYZER_NUMBER_OBJECT_CONVERSION = YES_AGGRESSIVE;
				CLANG_CXX_LANGUAGE_STANDARD = "gnu++0x";
				CLANG_CXX_LIBRARY = "libc++";
				CLANG_ENABLE_MODULES = YES;
				CLANG_ENABLE_OBJC_ARC = YES;
				CLANG_WARN_BOOL_CONVERSION = YES;
				CLANG_WARN_CONSTANT_CONVERSION = YES;
				CLANG_WARN_DIRECT_OBJC_ISA_USAGE = YES_ERROR;
				CLANG_WARN_DOCUMENTATION_COMMENTS = YES;
				CLANG_WARN_EMPTY_BODY = YES;
				CLANG_WARN_ENUM_CONVERSION = YES;
				CLANG_WARN_INFINITE_RECURSION = YES;
				CLANG_WARN_INT_CONVERSION = YES;
				CLANG_WARN_OBJC_ROOT_CLASS = YES_ERROR;
				CLANG_WARN_SUSPICIOUS_MOVE = YES;
				CLANG_WARN_UNREACHABLE_CODE = YES;
				CLANG_WARN__DUPLICATE_METHOD_MATCH = YES;
				"CODE_SIGN_IDENTITY[sdk=iphoneos*]" = "iPhone Developer";
				COPY_PHASE_STRIP = NO;
				DEBUG_INFORMATION_FORMAT = dwarf;
				ENABLE_STRICT_OBJC_MSGSEND = YES;
				ENABLE_TESTABILITY = YES;
				GCC_C_LANGUAGE_STANDARD = gnu99;
				GCC_DYNAMIC_NO_PIC = NO;
				GCC_NO_COMMON_BLOCKS = YES;
				GCC_OPTIMIZATION_LEVEL = 0;
				GCC_PREPROCESSOR_DEFINITIONS = (
					"DEBUG=1",
					"$(inherited)",
				);
				GCC_WARN_64_TO_32_BIT_CONVERSION = YES;
				GCC_WARN_ABOUT_RETURN_TYPE = YES_ERROR;
				GCC_WARN_UNDECLARED_SELECTOR = YES;
				GCC_WARN_UNINITIALIZED_AUTOS = YES_AGGRESSIVE;
				GCC_WARN_UNUSED_FUNCTION = YES;
				GCC_WARN_UNUSED_VARIABLE = YES;
				IPHONEOS_DEPLOYMENT_TARGET = 10.3;
				MTL_ENABLE_DEBUG_INFO = YES;
				ONLY_ACTIVE_ARCH = YES;
				SDKROOT = iphoneos;
				SWIFT_ACTIVE_COMPILATION_CONDITIONS = DEBUG;
				SWIFT_OPTIMIZATION_LEVEL = "-Onone";
				TARGETED_DEVICE_FAMILY = "1,2";
			};
			name = Debug;
		};
		CEF3135A1F5E5DD30054F931 /* Release */ = {
			isa = XCBuildConfiguration;
			buildSettings = {
				ALWAYS_SEARCH_USER_PATHS = NO;
				CLANG_ANALYZER_NONNULL = YES;
				CLANG_ANALYZER_NUMBER_OBJECT_CONVERSION = YES_AGGRESSIVE;
				CLANG_CXX_LANGUAGE_STANDARD = "gnu++0x";
				CLANG_CXX_LIBRARY = "libc++";
				CLANG_ENABLE_MODULES = YES;
				CLANG_ENABLE_OBJC_ARC = YES;
				CLANG_WARN_BOOL_CONVERSION = YES;
				CLANG_WARN_CONSTANT_CONVERSION = YES;
				CLANG_WARN_DIRECT_OBJC_ISA_USAGE = YES_ERROR;
				CLANG_WARN_DOCUMENTATION_COMMENTS = YES;
				CLANG_WARN_EMPTY_BODY = YES;
				CLANG_WARN_ENUM_CONVERSION = YES;
				CLANG_WARN_INFINITE_RECURSION = YES;
				CLANG_WARN_INT_CONVERSION = YES;
				CLANG_WARN_OBJC_ROOT_CLASS = YES_ERROR;
				CLANG_WARN_SUSPICIOUS_MOVE = YES;
				CLANG_WARN_UNREACHABLE_CODE = YES;
				CLANG_WARN__DUPLICATE_METHOD_MATCH = YES;
				"CODE_SIGN_IDENTITY[sdk=iphoneos*]" = "iPhone Developer";
				COPY_PHASE_STRIP = NO;
				DEBUG_INFORMATION_FORMAT = "dwarf-with-dsym";
				ENABLE_NS_ASSERTIONS = NO;
				ENABLE_STRICT_OBJC_MSGSEND = YES;
				GCC_C_LANGUAGE_STANDARD = gnu99;
				GCC_NO_COMMON_BLOCKS = YES;
				GCC_WARN_64_TO_32_BIT_CONVERSION = YES;
				GCC_WARN_ABOUT_RETURN_TYPE = YES_ERROR;
				GCC_WARN_UNDECLARED_SELECTOR = YES;
				GCC_WARN_UNINITIALIZED_AUTOS = YES_AGGRESSIVE;
				GCC_WARN_UNUSED_FUNCTION = YES;
				GCC_WARN_UNUSED_VARIABLE = YES;
				IPHONEOS_DEPLOYMENT_TARGET = 10.3;
				MTL_ENABLE_DEBUG_INFO = NO;
				SDKROOT = iphoneos;
				SWIFT_OPTIMIZATION_LEVEL = "-Owholemodule";
				TARGETED_DEVICE_FAMILY = "1,2";
				VALIDATE_PRODUCT = YES;
			};
			name = Release;
		};
		CEF3135C1F5E5DD30054F931 /* Debug */ = {
			isa = XCBuildConfiguration;
			buildSettings = {
				ASSETCATALOG_COMPILER_APPICON_NAME = AppIcon;
				INFOPLIST_FILE = SeydaIphoneCalculator/Info.plist;
				LD_RUNPATH_SEARCH_PATHS = "$(inherited) @executable_path/Frameworks";
				PRODUCT_BUNDLE_IDENTIFIER = seydazimov.SeydaIphoneCalculator;
				PRODUCT_NAME = "$(TARGET_NAME)";
				SWIFT_VERSION = 3.0;
			};
			name = Debug;
		};
		CEF3135D1F5E5DD30054F931 /* Release */ = {
			isa = XCBuildConfiguration;
			buildSettings = {
				ASSETCATALOG_COMPILER_APPICON_NAME = AppIcon;
				INFOPLIST_FILE = SeydaIphoneCalculator/Info.plist;
				LD_RUNPATH_SEARCH_PATHS = "$(inherited) @executable_path/Frameworks";
				PRODUCT_BUNDLE_IDENTIFIER = seydazimov.SeydaIphoneCalculator;
				PRODUCT_NAME = "$(TARGET_NAME)";
				SWIFT_VERSION = 3.0;
			};
			name = Release;
		};
/* End XCBuildConfiguration section */

/* Begin XCConfigurationList section */
		CEF313441F5E5DD30054F931 /* Build configuration list for PBXProject "SeydaIphoneCalculator" */ = {
			isa = XCConfigurationList;
			buildConfigurations = (
				CEF313591F5E5DD30054F931 /* Debug */,
				CEF3135A1F5E5DD30054F931 /* Release */,
			);
			defaultConfigurationIsVisible = 0;
			defaultConfigurationName = Release;
		};
		CEF3135B1F5E5DD30054F931 /* Build configuration list for PBXNativeTarget "SeydaIphoneCalculator" */ = {
			isa = XCConfigurationList;
			buildConfigurations = (
				CEF3135C1F5E5DD30054F931 /* Debug */,
				CEF3135D1F5E5DD30054F931 /* Release */,
			);
			defaultConfigurationIsVisible = 0;
		};
/* End XCConfigurationList section */
	};
	rootObject = CEF313411F5E5DD30054F931 /* Project object */;
}
